
Microsoft Visual Studio Solution File, Format Version 12.00
# Visual Studio Version 16
VisualStudioVersion = 16.0.31313.79
MinimumVisualStudioVersion = 10.0.40219.1
Project("{9A19103F-16F7-4668-BE54-9A1E7A4F7556}") = "Criminal-Web-Station", "Criminal-Web-Station\Criminal-Web-Station.csproj", "{E28B8EDC-6D29-4E64-93DF-CA06FD1ECC06}"
EndProject
Project("{FAE04EC0-301F-11D3-BF4B-00C04F79EFBC}") = "Criminal-Web-Station.Tests", "Criminal-Web-Station.Tests\Criminal-Web-Station.Tests.csproj", "{8BE77F79-7C70-4643-8DC1-8BAB8C613437}"
EndProject
Global
	GlobalSection(SolutionConfigurationPlatforms) = preSolution
		Debug|Any CPU = Debug|Any CPU
		Release|Any CPU = Release|Any CPU
	EndGlobalSection
	GlobalSection(ProjectConfigurationPlatforms) = postSolution
		{E28B8EDC-6D29-4E64-93DF-CA06FD1ECC06}.Debug|Any CPU.ActiveCfg = Debug|Any CPU
		{E28B8EDC-6D29-4E64-93DF-CA06FD1ECC06}.Debug|Any CPU.Build.0 = Debug|Any CPU
		{E28B8EDC-6D29-4E64-93DF-CA06FD1ECC06}.Release|Any CPU.ActiveCfg = Release|Any CPU
		{E28B8EDC-6D29-4E64-93DF-CA06FD1ECC06}.Release|Any CPU.Build.0 = Release|Any CPU
		{8BE77F79-7C70-4643-8DC1-8BAB8C613437}.Debug|Any CPU.ActiveCfg = Debug|Any CPU
		{8BE77F79-7C70-4643-8DC1-8BAB8C613437}.Debug|Any CPU.Build.0 = Debug|Any CPU
		{8BE77F79-7C70-4643-8DC1-8BAB8C613437}.Release|Any CPU.ActiveCfg = Release|Any CPU
		{8BE77F79-7C70-4643-8DC1-8BAB8C613437}.Release|Any CPU.Build.0 = Release|Any CPU
	EndGlobalSection
	GlobalSection(SolutionProperties) = preSolution
		HideSolutionNode = FALSE
	EndGlobalSection
	GlobalSection(ExtensibilityGlobals) = postSolution
		SolutionGuid = {80387ADE-50DE-456C-9DCD-AA629F3C9307}
	EndGlobalSection
EndGlobal
